
Microsoft Visual Studio Solution File, Format Version 12.00
# Visual Studio Version 17
VisualStudioVersion = 17.11.35327.3
MinimumVisualStudioVersion = 10.0.40219.1
Project("{8BC9CEB8-8B4A-11D0-8D11-00A0C91BC942}") = "Mario", "Mario.vcxproj", "{6F2C520E-2E8A-4D13-B4DA-82A42DA5B06F}"
EndProject
Global
	GlobalSection(SolutionConfigurationPlatforms) = preSolution
		Debug|x64 = Debug|x64
		Debug|x86 = Debug|x86
		Release|x64 = Release|x64
		Release|x86 = Release|x86
	EndGlobalSection
	GlobalSection(ProjectConfigurationPlatforms) = postSolution
		{6F2C520E-2E8A-4D13-B4DA-82A42DA5B06F}.Debug|x64.ActiveCfg = Debug|x64
		{6F2C520E-2E8A-4D13-B4DA-82A42DA5B06F}.Debug|x64.Build.0 = Debug|x64
		{6F2C520E-2E8A-4D13-B4DA-82A42DA5B06F}.Debug|x86.ActiveCfg = Debug|Win32
		{6F2C520E-2E8A-4D13-B4DA-82A42DA5B06F}.Debug|x86.Build.0 = Debug|Win32
		{6F2C520E-2E8A-4D13-B4DA-82A42DA5B06F}.Release|x64.ActiveCfg = Release|x64
		{6F2C520E-2E8A-4D13-B4DA-82A42DA5B06F}.Release|x64.Build.0 = Release|x64
		{6F2C520E-2E8A-4D13-B4DA-82A42DA5B06F}.Release|x86.ActiveCfg = Release|Win32
		{6F2C520E-2E8A-4D13-B4DA-82A42DA5B06F}.Release|x86.Build.0 = Release|Win32
	EndGlobalSection
	GlobalSection(SolutionProperties) = preSolution
		HideSolutionNode = FALSE
	EndGlobalSection
	GlobalSection(ExtensibilityGlobals) = postSolution
		SolutionGuid = {914A8CCF-CF15-4BEE-B026-5D1C154F8364}
	EndGlobalSection
EndGlobal
